// !$*UTF8*$!
{
	archiveVersion = 1;
	classes = {
	};
	objectVersion = 56;
	objects = {

/* Begin PBXBuildFile section */
		FE8DE41F2B57005A00DA5FE5 /* FirebaseAnalytics in Frameworks */ = {isa = PBXBuildFile; productRef = FE8DE41E2B57005A00DA5FE5 /* FirebaseAnalytics */; };
		FE8DE4212B57005A00DA5FE5 /* FirebaseAnalyticsOnDeviceConversion in Frameworks */ = {isa = PBXBuildFile; productRef = FE8DE4202B57005A00DA5FE5 /* FirebaseAnalyticsOnDeviceConversion */; };
		FE8DE4232B57005A00DA5FE5 /* FirebaseAnalyticsSwift in Frameworks */ = {isa = PBXBuildFile; productRef = FE8DE4222B57005A00DA5FE5 /* FirebaseAnalyticsSwift */; };
		FE8DE4252B57005A00DA5FE5 /* FirebaseAnalyticsWithoutAdIdSupport in Frameworks */ = {isa = PBXBuildFile; productRef = FE8DE4242B57005A00DA5FE5 /* FirebaseAnalyticsWithoutAdIdSupport */; };
		FE8DE4272B57005A00DA5FE5 /* FirebaseAppCheck in Frameworks */ = {isa = PBXBuildFile; productRef = FE8DE4262B57005A00DA5FE5 /* FirebaseAppCheck */; };
		FE8DE42A2B57066700DA5FE5 /* Kingfisher in Frameworks */ = {isa = PBXBuildFile; productRef = FE8DE4292B57066700DA5FE5 /* Kingfisher */; };
		FE8DE42C2B5706DB00DA5FE5 /* CircularProfileImageView.swift in Sources */ = {isa = PBXBuildFile; fileRef = FE8DE42B2B5706DB00DA5FE5 /* CircularProfileImageView.swift */; };
		FEB6C2FD2B59516300B3E095 /* FeedViewModel.swift in Sources */ = {isa = PBXBuildFile; fileRef = FEB6C2FC2B59516300B3E095 /* FeedViewModel.swift */; };
		FEBBEF352B541AF6009535ED /* RegistrationViewModel.swift in Sources */ = {isa = PBXBuildFile; fileRef = FEBBEF342B541AF6009535ED /* RegistrationViewModel.swift */; };
		FEBBEF372B54404C009535ED /* LoginViewModel.swift in Sources */ = {isa = PBXBuildFile; fileRef = FEBBEF362B54404C009535ED /* LoginViewModel.swift */; };
		FEBBEF392B559A87009535ED /* UserService.swift in Sources */ = {isa = PBXBuildFile; fileRef = FEBBEF382B559A87009535ED /* UserService.swift */; };
		FEBBEF3D2B55A91D009535ED /* SearchViewModel.swift in Sources */ = {isa = PBXBuildFile; fileRef = FEBBEF3C2B55A91D009535ED /* SearchViewModel.swift */; };
		FEBBEF3F2B55D18A009535ED /* EditProfileView.swift in Sources */ = {isa = PBXBuildFile; fileRef = FEBBEF3E2B55D18A009535ED /* EditProfileView.swift */; };
		FEBBEF432B55E09E009535ED /* EditProfileViewModel.swift in Sources */ = {isa = PBXBuildFile; fileRef = FEBBEF422B55E09E009535ED /* EditProfileViewModel.swift */; };
		FEBBEF452B56C0A5009535ED /* ImageUploader.swift in Sources */ = {isa = PBXBuildFile; fileRef = FEBBEF442B56C0A5009535ED /* ImageUploader.swift */; };
		FEDA1B2A2B500AB800E688B1 /* InstagramApp.swift in Sources */ = {isa = PBXBuildFile; fileRef = FEDA1B292B500AB800E688B1 /* InstagramApp.swift */; };
		FEDA1B2E2B500AB900E688B1 /* Assets.xcassets in Resources */ = {isa = PBXBuildFile; fileRef = FEDA1B2D2B500AB900E688B1 /* Assets.xcassets */; };
		FEDA1B312B500AB900E688B1 /* Preview Assets.xcassets in Resources */ = {isa = PBXBuildFile; fileRef = FEDA1B302B500AB900E688B1 /* Preview Assets.xcassets */; };
		FEDA1B442B500E0E00E688B1 /* MainTabView.swift in Sources */ = {isa = PBXBuildFile; fileRef = FEDA1B432B500E0E00E688B1 /* MainTabView.swift */; };
		FEDA1B462B50118D00E688B1 /* ProfileView.swift in Sources */ = {isa = PBXBuildFile; fileRef = FEDA1B452B50118D00E688B1 /* ProfileView.swift */; };
		FEDA1B4A2B501A9100E688B1 /* UserStatView.swift in Sources */ = {isa = PBXBuildFile; fileRef = FEDA1B492B501A9100E688B1 /* UserStatView.swift */; };
		FEDA1B4C2B5030BB00E688B1 /* FeedView.swift in Sources */ = {isa = PBXBuildFile; fileRef = FEDA1B4B2B5030BB00E688B1 /* FeedView.swift */; };
		FEDA1B4E2B5030D800E688B1 /* FeedCell.swift in Sources */ = {isa = PBXBuildFile; fileRef = FEDA1B4D2B5030D800E688B1 /* FeedCell.swift */; };
		FEDA1B502B5060F900E688B1 /* SearchView.swift in Sources */ = {isa = PBXBuildFile; fileRef = FEDA1B4F2B5060F900E688B1 /* SearchView.swift */; };
		FEDA1B522B506C9B00E688B1 /* LoginView.swift in Sources */ = {isa = PBXBuildFile; fileRef = FEDA1B512B506C9B00E688B1 /* LoginView.swift */; };
		FEDA1B542B5084D800E688B1 /* AddEmailView.swift in Sources */ = {isa = PBXBuildFile; fileRef = FEDA1B532B5084D800E688B1 /* AddEmailView.swift */; };
		FEDA1B562B50955900E688B1 /* IGTextFieldModifier.swift in Sources */ = {isa = PBXBuildFile; fileRef = FEDA1B552B50955900E688B1 /* IGTextFieldModifier.swift */; };
		FEDA1B582B50980700E688B1 /* CreateUsernameView.swift in Sources */ = {isa = PBXBuildFile; fileRef = FEDA1B572B50980700E688B1 /* CreateUsernameView.swift */; };
		FEDA1B5A2B509BA700E688B1 /* PasswordView.swift in Sources */ = {isa = PBXBuildFile; fileRef = FEDA1B592B509BA700E688B1 /* PasswordView.swift */; };
		FEDA1B5C2B509DC900E688B1 /* CompleteSignUpView.swift in Sources */ = {isa = PBXBuildFile; fileRef = FEDA1B5B2B509DC900E688B1 /* CompleteSignUpView.swift */; };
		FEDA1B5E2B517F0000E688B1 /* User.swift in Sources */ = {isa = PBXBuildFile; fileRef = FEDA1B5D2B517F0000E688B1 /* User.swift */; };
		FEDA1B602B5195D800E688B1 /* CurrentUserProfileView.swift in Sources */ = {isa = PBXBuildFile; fileRef = FEDA1B5F2B5195D800E688B1 /* CurrentUserProfileView.swift */; };
		FEDA1B622B51AB5B00E688B1 /* Post.swift in Sources */ = {isa = PBXBuildFile; fileRef = FEDA1B612B51AB5B00E688B1 /* Post.swift */; };
		FEDA1B642B51B91200E688B1 /* PostGridView.swift in Sources */ = {isa = PBXBuildFile; fileRef = FEDA1B632B51B91200E688B1 /* PostGridView.swift */; };
		FEDA1B662B51BC0E00E688B1 /* ProfileHeaderView.swift in Sources */ = {isa = PBXBuildFile; fileRef = FEDA1B652B51BC0E00E688B1 /* ProfileHeaderView.swift */; };
		FEDA1B682B52D20600E688B1 /* UploadPostView.swift in Sources */ = {isa = PBXBuildFile; fileRef = FEDA1B672B52D20600E688B1 /* UploadPostView.swift */; };
		FEDA1B6A2B52D8DE00E688B1 /* UploadPostViewModel.swift in Sources */ = {isa = PBXBuildFile; fileRef = FEDA1B692B52D8DE00E688B1 /* UploadPostViewModel.swift */; };
		FEDA1B6C2B53032300E688B1 /* GoogleService-Info.plist in Resources */ = {isa = PBXBuildFile; fileRef = FEDA1B6B2B53032300E688B1 /* GoogleService-Info.plist */; };
		FEDA1B6F2B53169100E688B1 /* FirebaseAnalytics in Frameworks */ = {isa = PBXBuildFile; productRef = FEDA1B6E2B53169100E688B1 /* FirebaseAnalytics */; };
		FEDA1B712B53169100E688B1 /* FirebaseAnalyticsOnDeviceConversion in Frameworks */ = {isa = PBXBuildFile; productRef = FEDA1B702B53169100E688B1 /* FirebaseAnalyticsOnDeviceConversion */; };
		FEDA1B732B53169100E688B1 /* FirebaseAnalyticsSwift in Frameworks */ = {isa = PBXBuildFile; productRef = FEDA1B722B53169100E688B1 /* FirebaseAnalyticsSwift */; };
		FEDA1B752B53169100E688B1 /* FirebaseAnalyticsWithoutAdIdSupport in Frameworks */ = {isa = PBXBuildFile; productRef = FEDA1B742B53169100E688B1 /* FirebaseAnalyticsWithoutAdIdSupport */; };
		FEDA1B772B53169100E688B1 /* FirebaseAppCheck in Frameworks */ = {isa = PBXBuildFile; productRef = FEDA1B762B53169100E688B1 /* FirebaseAppCheck */; };
		FEDA1B792B53169100E688B1 /* FirebaseAppDistribution-Beta in Frameworks */ = {isa = PBXBuildFile; productRef = FEDA1B782B53169100E688B1 /* FirebaseAppDistribution-Beta */; };
		FEDA1B7B2B53169100E688B1 /* FirebaseAuth in Frameworks */ = {isa = PBXBuildFile; productRef = FEDA1B7A2B53169100E688B1 /* FirebaseAuth */; };
		FEDA1B7D2B53169100E688B1 /* FirebaseAuthCombine-Community in Frameworks */ = {isa = PBXBuildFile; productRef = FEDA1B7C2B53169100E688B1 /* FirebaseAuthCombine-Community */; };
		FEDA1B7F2B53169100E688B1 /* FirebaseCrashlytics in Frameworks */ = {isa = PBXBuildFile; productRef = FEDA1B7E2B53169100E688B1 /* FirebaseCrashlytics */; };
		FEDA1B812B53169100E688B1 /* FirebaseDatabase in Frameworks */ = {isa = PBXBuildFile; productRef = FEDA1B802B53169100E688B1 /* FirebaseDatabase */; };
		FEDA1B832B53169100E688B1 /* FirebaseDatabaseSwift in Frameworks */ = {isa = PBXBuildFile; productRef = FEDA1B822B53169100E688B1 /* FirebaseDatabaseSwift */; };
		FEDA1B852B53169100E688B1 /* FirebaseDynamicLinks in Frameworks */ = {isa = PBXBuildFile; productRef = FEDA1B842B53169100E688B1 /* FirebaseDynamicLinks */; };
		FEDA1B872B53169100E688B1 /* FirebaseFirestore in Frameworks */ = {isa = PBXBuildFile; productRef = FEDA1B862B53169100E688B1 /* FirebaseFirestore */; };
		FEDA1B892B53169100E688B1 /* FirebaseFirestoreCombine-Community in Frameworks */ = {isa = PBXBuildFile; productRef = FEDA1B882B53169100E688B1 /* FirebaseFirestoreCombine-Community */; };
		FEDA1B8B2B53169100E688B1 /* FirebaseFirestoreSwift in Frameworks */ = {isa = PBXBuildFile; productRef = FEDA1B8A2B53169100E688B1 /* FirebaseFirestoreSwift */; };
		FEDA1B8D2B53169100E688B1 /* FirebaseFunctions in Frameworks */ = {isa = PBXBuildFile; productRef = FEDA1B8C2B53169100E688B1 /* FirebaseFunctions */; };
		FEDA1B8F2B53169100E688B1 /* FirebaseFunctionsCombine-Community in Frameworks */ = {isa = PBXBuildFile; productRef = FEDA1B8E2B53169100E688B1 /* FirebaseFunctionsCombine-Community */; };
		FEDA1B912B53169100E688B1 /* FirebaseInAppMessaging-Beta in Frameworks */ = {isa = PBXBuildFile; productRef = FEDA1B902B53169100E688B1 /* FirebaseInAppMessaging-Beta */; };
		FEDA1B932B53169100E688B1 /* FirebaseInAppMessagingSwift-Beta in Frameworks */ = {isa = PBXBuildFile; productRef = FEDA1B922B53169100E688B1 /* FirebaseInAppMessagingSwift-Beta */; };
		FEDA1B952B53169100E688B1 /* FirebaseInstallations in Frameworks */ = {isa = PBXBuildFile; productRef = FEDA1B942B53169100E688B1 /* FirebaseInstallations */; };
		FEDA1B972B53169100E688B1 /* FirebaseMLModelDownloader in Frameworks */ = {isa = PBXBuildFile; productRef = FEDA1B962B53169100E688B1 /* FirebaseMLModelDownloader */; };
		FEDA1B992B53169100E688B1 /* FirebaseMessaging in Frameworks */ = {isa = PBXBuildFile; productRef = FEDA1B982B53169100E688B1 /* FirebaseMessaging */; };
		FEDA1B9B2B53169100E688B1 /* FirebasePerformance in Frameworks */ = {isa = PBXBuildFile; productRef = FEDA1B9A2B53169100E688B1 /* FirebasePerformance */; };
		FEDA1B9D2B53169100E688B1 /* FirebaseRemoteConfig in Frameworks */ = {isa = PBXBuildFile; productRef = FEDA1B9C2B53169100E688B1 /* FirebaseRemoteConfig */; };
		FEDA1B9F2B53169100E688B1 /* FirebaseRemoteConfigSwift in Frameworks */ = {isa = PBXBuildFile; productRef = FEDA1B9E2B53169100E688B1 /* FirebaseRemoteConfigSwift */; };
		FEDA1BA12B53169100E688B1 /* FirebaseStorage in Frameworks */ = {isa = PBXBuildFile; productRef = FEDA1BA02B53169100E688B1 /* FirebaseStorage */; };
		FEDA1BA32B53169100E688B1 /* FirebaseStorageCombine-Community in Frameworks */ = {isa = PBXBuildFile; productRef = FEDA1BA22B53169100E688B1 /* FirebaseStorageCombine-Community */; };
		FEDA1BA72B531A2B00E688B1 /* AuthService.swift in Sources */ = {isa = PBXBuildFile; fileRef = FEDA1BA62B531A2B00E688B1 /* AuthService.swift */; };
		FEDA1BA92B53267000E688B1 /* ContentView.swift in Sources */ = {isa = PBXBuildFile; fileRef = FEDA1BA82B53267000E688B1 /* ContentView.swift */; };
		FEDA1BAD2B53272300E688B1 /* ContentViewModel.swift in Sources */ = {isa = PBXBuildFile; fileRef = FEDA1BAC2B53272300E688B1 /* ContentViewModel.swift */; };
/* End PBXBuildFile section */

/* Begin PBXFileReference section */
		FE8DE42B2B5706DB00DA5FE5 /* CircularProfileImageView.swift */ = {isa = PBXFileReference; lastKnownFileType = sourcecode.swift; path = CircularProfileImageView.swift; sourceTree = "<group>"; };
		FEB6C2FC2B59516300B3E095 /* FeedViewModel.swift */ = {isa = PBXFileReference; lastKnownFileType = sourcecode.swift; path = FeedViewModel.swift; sourceTree = "<group>"; };
		FEBBEF342B541AF6009535ED /* RegistrationViewModel.swift */ = {isa = PBXFileReference; lastKnownFileType = sourcecode.swift; path = RegistrationViewModel.swift; sourceTree = "<group>"; };
		FEBBEF362B54404C009535ED /* LoginViewModel.swift */ = {isa = PBXFileReference; lastKnownFileType = sourcecode.swift; path = LoginViewModel.swift; sourceTree = "<group>"; };
		FEBBEF382B559A87009535ED /* UserService.swift */ = {isa = PBXFileReference; lastKnownFileType = sourcecode.swift; path = UserService.swift; sourceTree = "<group>"; };
		FEBBEF3C2B55A91D009535ED /* SearchViewModel.swift */ = {isa = PBXFileReference; lastKnownFileType = sourcecode.swift; path = SearchViewModel.swift; sourceTree = "<group>"; };
		FEBBEF3E2B55D18A009535ED /* EditProfileView.swift */ = {isa = PBXFileReference; lastKnownFileType = sourcecode.swift; path = EditProfileView.swift; sourceTree = "<group>"; };
		FEBBEF422B55E09E009535ED /* EditProfileViewModel.swift */ = {isa = PBXFileReference; lastKnownFileType = sourcecode.swift; path = EditProfileViewModel.swift; sourceTree = "<group>"; };
		FEBBEF442B56C0A5009535ED /* ImageUploader.swift */ = {isa = PBXFileReference; lastKnownFileType = sourcecode.swift; path = ImageUploader.swift; sourceTree = "<group>"; };
		FEDA1B262B500AB800E688B1 /* Instagram.app */ = {isa = PBXFileReference; explicitFileType = wrapper.application; includeInIndex = 0; path = Instagram.app; sourceTree = BUILT_PRODUCTS_DIR; };
		FEDA1B292B500AB800E688B1 /* InstagramApp.swift */ = {isa = PBXFileReference; lastKnownFileType = sourcecode.swift; path = InstagramApp.swift; sourceTree = "<group>"; };
		FEDA1B2D2B500AB900E688B1 /* Assets.xcassets */ = {isa = PBXFileReference; lastKnownFileType = folder.assetcatalog; path = Assets.xcassets; sourceTree = "<group>"; };
		FEDA1B302B500AB900E688B1 /* Preview Assets.xcassets */ = {isa = PBXFileReference; lastKnownFileType = folder.assetcatalog; path = "Preview Assets.xcassets"; sourceTree = "<group>"; };
		FEDA1B432B500E0E00E688B1 /* MainTabView.swift */ = {isa = PBXFileReference; lastKnownFileType = sourcecode.swift; path = MainTabView.swift; sourceTree = "<group>"; };
		FEDA1B452B50118D00E688B1 /* ProfileView.swift */ = {isa = PBXFileReference; lastKnownFileType = sourcecode.swift; path = ProfileView.swift; sourceTree = "<group>"; };
		FEDA1B492B501A9100E688B1 /* UserStatView.swift */ = {isa = PBXFileReference; lastKnownFileType = sourcecode.swift; path = UserStatView.swift; sourceTree = "<group>"; };
		FEDA1B4B2B5030BB00E688B1 /* FeedView.swift */ = {isa = PBXFileReference; lastKnownFileType = sourcecode.swift; path = FeedView.swift; sourceTree = "<group>"; };
		FEDA1B4D2B5030D800E688B1 /* FeedCell.swift */ = {isa = PBXFileReference; lastKnownFileType = sourcecode.swift; path = FeedCell.swift; sourceTree = "<group>"; };
		FEDA1B4F2B5060F900E688B1 /* SearchView.swift */ = {isa = PBXFileReference; lastKnownFileType = sourcecode.swift; path = SearchView.swift; sourceTree = "<group>"; };
		FEDA1B512B506C9B00E688B1 /* LoginView.swift */ = {isa = PBXFileReference; lastKnownFileType = sourcecode.swift; path = LoginView.swift; sourceTree = "<group>"; };
		FEDA1B532B5084D800E688B1 /* AddEmailView.swift */ = {isa = PBXFileReference; lastKnownFileType = sourcecode.swift; path = AddEmailView.swift; sourceTree = "<group>"; };
		FEDA1B552B50955900E688B1 /* IGTextFieldModifier.swift */ = {isa = PBXFileReference; lastKnownFileType = sourcecode.swift; path = IGTextFieldModifier.swift; sourceTree = "<group>"; };
		FEDA1B572B50980700E688B1 /* CreateUsernameView.swift */ = {isa = PBXFileReference; lastKnownFileType = sourcecode.swift; path = CreateUsernameView.swift; sourceTree = "<group>"; };
		FEDA1B592B509BA700E688B1 /* PasswordView.swift */ = {isa = PBXFileReference; lastKnownFileType = sourcecode.swift; path = PasswordView.swift; sourceTree = "<group>"; };
		FEDA1B5B2B509DC900E688B1 /* CompleteSignUpView.swift */ = {isa = PBXFileReference; lastKnownFileType = sourcecode.swift; path = CompleteSignUpView.swift; sourceTree = "<group>"; };
		FEDA1B5D2B517F0000E688B1 /* User.swift */ = {isa = PBXFileReference; lastKnownFileType = sourcecode.swift; path = User.swift; sourceTree = "<group>"; };
		FEDA1B5F2B5195D800E688B1 /* CurrentUserProfileView.swift */ = {isa = PBXFileReference; lastKnownFileType = sourcecode.swift; path = CurrentUserProfileView.swift; sourceTree = "<group>"; };
		FEDA1B612B51AB5B00E688B1 /* Post.swift */ = {isa = PBXFileReference; lastKnownFileType = sourcecode.swift; path = Post.swift; sourceTree = "<group>"; };
		FEDA1B632B51B91200E688B1 /* PostGridView.swift */ = {isa = PBXFileReference; lastKnownFileType = sourcecode.swift; path = PostGridView.swift; sourceTree = "<group>"; };
		FEDA1B652B51BC0E00E688B1 /* ProfileHeaderView.swift */ = {isa = PBXFileReference; lastKnownFileType = sourcecode.swift; path = ProfileHeaderView.swift; sourceTree = "<group>"; };
		FEDA1B672B52D20600E688B1 /* UploadPostView.swift */ = {isa = PBXFileReference; lastKnownFileType = sourcecode.swift; path = UploadPostView.swift; sourceTree = "<group>"; };
		FEDA1B692B52D8DE00E688B1 /* UploadPostViewModel.swift */ = {isa = PBXFileReference; lastKnownFileType = sourcecode.swift; path = UploadPostViewModel.swift; sourceTree = "<group>"; };
		FEDA1B6B2B53032300E688B1 /* GoogleService-Info.plist */ = {isa = PBXFileReference; fileEncoding = 4; lastKnownFileType = text.plist.xml; path = "GoogleService-Info.plist"; sourceTree = "<group>"; };
		FEDA1BA62B531A2B00E688B1 /* AuthService.swift */ = {isa = PBXFileReference; lastKnownFileType = sourcecode.swift; path = AuthService.swift; sourceTree = "<group>"; };
		FEDA1BA82B53267000E688B1 /* ContentView.swift */ = {isa = PBXFileReference; lastKnownFileType = sourcecode.swift; path = ContentView.swift; sourceTree = "<group>"; };
		FEDA1BAC2B53272300E688B1 /* ContentViewModel.swift */ = {isa = PBXFileReference; lastKnownFileType = sourcecode.swift; path = ContentViewModel.swift; sourceTree = "<group>"; };
/* End PBXFileReference section */

/* Begin PBXFrameworksBuildPhase section */
		FEDA1B232B500AB800E688B1 /* Frameworks */ = {
			isa = PBXFrameworksBuildPhase;
			buildActionMask = 2147483647;
			files = (
				FEDA1B812B53169100E688B1 /* FirebaseDatabase in Frameworks */,
				FEDA1B8F2B53169100E688B1 /* FirebaseFunctionsCombine-Community in Frameworks */,
				FEDA1B872B53169100E688B1 /* FirebaseFirestore in Frameworks */,
				FEDA1B732B53169100E688B1 /* FirebaseAnalyticsSwift in Frameworks */,
				FEDA1B6F2B53169100E688B1 /* FirebaseAnalytics in Frameworks */,
				FEDA1B712B53169100E688B1 /* FirebaseAnalyticsOnDeviceConversion in Frameworks */,
				FEDA1B972B53169100E688B1 /* FirebaseMLModelDownloader in Frameworks */,
				FEDA1B8B2B53169100E688B1 /* FirebaseFirestoreSwift in Frameworks */,
				FEDA1B772B53169100E688B1 /* FirebaseAppCheck in Frameworks */,
				FEDA1B752B53169100E688B1 /* FirebaseAnalyticsWithoutAdIdSupport in Frameworks */,
				FEDA1B7B2B53169100E688B1 /* FirebaseAuth in Frameworks */,
				FEDA1B7F2B53169100E688B1 /* FirebaseCrashlytics in Frameworks */,
				FEDA1B9F2B53169100E688B1 /* FirebaseRemoteConfigSwift in Frameworks */,
				FE8DE4212B57005A00DA5FE5 /* FirebaseAnalyticsOnDeviceConversion in Frameworks */,
				FEDA1B912B53169100E688B1 /* FirebaseInAppMessaging-Beta in Frameworks */,
				FE8DE41F2B57005A00DA5FE5 /* FirebaseAnalytics in Frameworks */,
				FE8DE4272B57005A00DA5FE5 /* FirebaseAppCheck in Frameworks */,
				FE8DE4252B57005A00DA5FE5 /* FirebaseAnalyticsWithoutAdIdSupport in Frameworks */,
				FEDA1B832B53169100E688B1 /* FirebaseDatabaseSwift in Frameworks */,
				FEDA1B8D2B53169100E688B1 /* FirebaseFunctions in Frameworks */,
				FEDA1BA32B53169100E688B1 /* FirebaseStorageCombine-Community in Frameworks */,
				FEDA1B9D2B53169100E688B1 /* FirebaseRemoteConfig in Frameworks */,
				FEDA1B792B53169100E688B1 /* FirebaseAppDistribution-Beta in Frameworks */,
				FEDA1B7D2B53169100E688B1 /* FirebaseAuthCombine-Community in Frameworks */,
				FEDA1B9B2B53169100E688B1 /* FirebasePerformance in Frameworks */,
				FEDA1B932B53169100E688B1 /* FirebaseInAppMessagingSwift-Beta in Frameworks */,
				FE8DE4232B57005A00DA5FE5 /* FirebaseAnalyticsSwift in Frameworks */,
				FEDA1BA12B53169100E688B1 /* FirebaseStorage in Frameworks */,
				FEDA1B852B53169100E688B1 /* FirebaseDynamicLinks in Frameworks */,
				FEDA1B892B53169100E688B1 /* FirebaseFirestoreCombine-Community in Frameworks */,
				FE8DE42A2B57066700DA5FE5 /* Kingfisher in Frameworks */,
				FEDA1B992B53169100E688B1 /* FirebaseMessaging in Frameworks */,
				FEDA1B952B53169100E688B1 /* FirebaseInstallations in Frameworks */,
			);
			runOnlyForDeploymentPostprocessing = 0;
		};
/* End PBXFrameworksBuildPhase section */

/* Begin PBXGroup section */
		FE8DE42D2B582A7A00DA5FE5 /* View */ = {
			isa = PBXGroup;
			children = (
				FEDA1B672B52D20600E688B1 /* UploadPostView.swift */,
			);
			path = View;
			sourceTree = "<group>";
		};
		FE8DE42E2B582A8100DA5FE5 /* ViewModel */ = {
			isa = PBXGroup;
			children = (
				FEDA1B692B52D8DE00E688B1 /* UploadPostViewModel.swift */,
			);
			path = ViewModel;
			sourceTree = "<group>";
		};
		FEB6C2FA2B59512300B3E095 /* View */ = {
			isa = PBXGroup;
			children = (
				FEDA1B4B2B5030BB00E688B1 /* FeedView.swift */,
				FEDA1B4D2B5030D800E688B1 /* FeedCell.swift */,
			);
			path = View;
			sourceTree = "<group>";
		};
		FEB6C2FB2B59513900B3E095 /* ViewModel */ = {
			isa = PBXGroup;
			children = (
				FEB6C2FC2B59516300B3E095 /* FeedViewModel.swift */,
			);
			path = ViewModel;
			sourceTree = "<group>";
		};
		FEBBEF332B541AAB009535ED /* ViewModel */ = {
			isa = PBXGroup;
			children = (
				FEBBEF342B541AF6009535ED /* RegistrationViewModel.swift */,
				FEBBEF362B54404C009535ED /* LoginViewModel.swift */,
			);
			path = ViewModel;
			sourceTree = "<group>";
		};
		FEBBEF3A2B55A8DA009535ED /* View */ = {
			isa = PBXGroup;
			children = (
				FEDA1B4F2B5060F900E688B1 /* SearchView.swift */,
			);
			path = View;
			sourceTree = "<group>";
		};
		FEBBEF3B2B55A8E5009535ED /* ViewModel */ = {
			isa = PBXGroup;
			children = (
				FEBBEF3C2B55A91D009535ED /* SearchViewModel.swift */,
			);
			path = ViewModel;
			sourceTree = "<group>";
		};
		FEBBEF402B55E05B009535ED /* ViewModel */ = {
			isa = PBXGroup;
			children = (
				FEBBEF422B55E09E009535ED /* EditProfileViewModel.swift */,
			);
			path = ViewModel;
			sourceTree = "<group>";
		};
		FEBBEF412B55E063009535ED /* View */ = {
			isa = PBXGroup;
			children = (
				FEDA1B5F2B5195D800E688B1 /* CurrentUserProfileView.swift */,
				FEDA1B452B50118D00E688B1 /* ProfileView.swift */,
				FEDA1B652B51BC0E00E688B1 /* ProfileHeaderView.swift */,
				FEBBEF3E2B55D18A009535ED /* EditProfileView.swift */,
			);
			path = View;
			sourceTree = "<group>";
		};
		FEDA1B1D2B500AB800E688B1 = {
			isa = PBXGroup;
			children = (
				FEDA1B282B500AB800E688B1 /* Instagram */,
				FEDA1B272B500AB800E688B1 /* Products */,
			);
			sourceTree = "<group>";
		};
		FEDA1B272B500AB800E688B1 /* Products */ = {
			isa = PBXGroup;
			children = (
				FEDA1B262B500AB800E688B1 /* Instagram.app */,
			);
			name = Products;
			sourceTree = "<group>";
		};
		FEDA1B282B500AB800E688B1 /* Instagram */ = {
			isa = PBXGroup;
			children = (
				FEDA1B3B2B500C9B00E688B1 /* App */,
				FEDA1B3A2B500C9800E688B1 /* Core */,
				FEDA1B392B500C9600E688B1 /* Extensions */,
				FEDA1B382B500C9400E688B1 /* Model */,
				FEDA1B372B500C8E00E688B1 /* Services */,
				FEDA1B2D2B500AB900E688B1 /* Assets.xcassets */,
				FEDA1B6B2B53032300E688B1 /* GoogleService-Info.plist */,
				FEDA1B2F2B500AB900E688B1 /* Preview Content */,
			);
			path = Instagram;
			sourceTree = "<group>";
		};
		FEDA1B2F2B500AB900E688B1 /* Preview Content */ = {
			isa = PBXGroup;
			children = (
				FEDA1B302B500AB900E688B1 /* Preview Assets.xcassets */,
			);
			path = "Preview Content";
			sourceTree = "<group>";
		};
		FEDA1B372B500C8E00E688B1 /* Services */ = {
			isa = PBXGroup;
			children = (
				FEBBEF382B559A87009535ED /* UserService.swift */,
				FEBBEF442B56C0A5009535ED /* ImageUploader.swift */,
			);
			path = Services;
			sourceTree = "<group>";
		};
		FEDA1B382B500C9400E688B1 /* Model */ = {
			isa = PBXGroup;
			children = (
				FEDA1B5D2B517F0000E688B1 /* User.swift */,
				FEDA1B612B51AB5B00E688B1 /* Post.swift */,
			);
			path = Model;
			sourceTree = "<group>";
		};
		FEDA1B392B500C9600E688B1 /* Extensions */ = {
			isa = PBXGroup;
			children = (
			);
			path = Extensions;
			sourceTree = "<group>";
		};
		FEDA1B3A2B500C9800E688B1 /* Core */ = {
			isa = PBXGroup;
			children = (
				FEDA1B472B501A5000E688B1 /* Components */,
				FEDA1B3C2B500CE200E688B1 /* Authentication */,
				FEDA1B3D2B500CF000E688B1 /* Feed */,
				FEDA1B3E2B500CFA00E688B1 /* Profile */,
				FEDA1B3F2B500D0500E688B1 /* Root */,
				FEDA1B402B500D0E00E688B1 /* Search */,
				FEDA1B422B500D4F00E688B1 /* TabBar */,
				FEDA1B412B500D4900E688B1 /* UploadingPost */,
			);
			path = Core;
			sourceTree = "<group>";
		};
		FEDA1B3B2B500C9B00E688B1 /* App */ = {
			isa = PBXGroup;
			children = (
				FEDA1B292B500AB800E688B1 /* InstagramApp.swift */,
			);
			path = App;
			sourceTree = "<group>";
		};
		FEDA1B3C2B500CE200E688B1 /* Authentication */ = {
			isa = PBXGroup;
			children = (
				FEDA1BA42B5319BC00E688B1 /* View */,
				FEBBEF332B541AAB009535ED /* ViewModel */,
				FEDA1BA52B5319E200E688B1 /* Service */,
			);
			path = Authentication;
			sourceTree = "<group>";
		};
		FEDA1B3D2B500CF000E688B1 /* Feed */ = {
			isa = PBXGroup;
			children = (
				FEB6C2FA2B59512300B3E095 /* View */,
				FEB6C2FB2B59513900B3E095 /* ViewModel */,
			);
			path = Feed;
			sourceTree = "<group>";
		};
		FEDA1B3E2B500CFA00E688B1 /* Profile */ = {
			isa = PBXGroup;
			children = (
				FEBBEF412B55E063009535ED /* View */,
				FEBBEF402B55E05B009535ED /* ViewModel */,
			);
			path = Profile;
			sourceTree = "<group>";
		};
		FEDA1B3F2B500D0500E688B1 /* Root */ = {
			isa = PBXGroup;
			children = (
				FEDA1BAA2B5326E500E688B1 /* View */,
				FEDA1BAB2B5326FF00E688B1 /* ViewModel */,
			);
			path = Root;
			sourceTree = "<group>";
		};
		FEDA1B402B500D0E00E688B1 /* Search */ = {
			isa = PBXGroup;
			children = (
				FEBBEF3A2B55A8DA009535ED /* View */,
				FEBBEF3B2B55A8E5009535ED /* ViewModel */,
			);
			path = Search;
			sourceTree = "<group>";
		};
		FEDA1B412B500D4900E688B1 /* UploadingPost */ = {
			isa = PBXGroup;
			children = (
				FE8DE42D2B582A7A00DA5FE5 /* View */,
				FE8DE42E2B582A8100DA5FE5 /* ViewModel */,
			);
			path = UploadingPost;
			sourceTree = "<group>";
		};
		FEDA1B422B500D4F00E688B1 /* TabBar */ = {
			isa = PBXGroup;
			children = (
				FEDA1B432B500E0E00E688B1 /* MainTabView.swift */,
			);
			path = TabBar;
			sourceTree = "<group>";
		};
		FEDA1B472B501A5000E688B1 /* Components */ = {
			isa = PBXGroup;
			children = (
				FEDA1B492B501A9100E688B1 /* UserStatView.swift */,
				FEDA1B552B50955900E688B1 /* IGTextFieldModifier.swift */,
				FEDA1B632B51B91200E688B1 /* PostGridView.swift */,
				FE8DE42B2B5706DB00DA5FE5 /* CircularProfileImageView.swift */,
			);
			path = Components;
			sourceTree = "<group>";
		};
		FEDA1BA42B5319BC00E688B1 /* View */ = {
			isa = PBXGroup;
			children = (
				FEDA1B512B506C9B00E688B1 /* LoginView.swift */,
				FEDA1B532B5084D800E688B1 /* AddEmailView.swift */,
				FEDA1B572B50980700E688B1 /* CreateUsernameView.swift */,
				FEDA1B592B509BA700E688B1 /* PasswordView.swift */,
				FEDA1B5B2B509DC900E688B1 /* CompleteSignUpView.swift */,
			);
			path = View;
			sourceTree = "<group>";
		};
		FEDA1BA52B5319E200E688B1 /* Service */ = {
			isa = PBXGroup;
			children = (
				FEDA1BA62B531A2B00E688B1 /* AuthService.swift */,
			);
			path = Service;
			sourceTree = "<group>";
		};
		FEDA1BAA2B5326E500E688B1 /* View */ = {
			isa = PBXGroup;
			children = (
				FEDA1BA82B53267000E688B1 /* ContentView.swift */,
			);
			path = View;
			sourceTree = "<group>";
		};
		FEDA1BAB2B5326FF00E688B1 /* ViewModel */ = {
			isa = PBXGroup;
			children = (
				FEDA1BAC2B53272300E688B1 /* ContentViewModel.swift */,
			);
			path = ViewModel;
			sourceTree = "<group>";
		};
/* End PBXGroup section */

/* Begin PBXNativeTarget section */
		FEDA1B252B500AB800E688B1 /* Instagram */ = {
			isa = PBXNativeTarget;
			buildConfigurationList = FEDA1B342B500AB900E688B1 /* Build configuration list for PBXNativeTarget "Instagram" */;
			buildPhases = (
				FEDA1B222B500AB800E688B1 /* Sources */,
				FEDA1B232B500AB800E688B1 /* Frameworks */,
				FEDA1B242B500AB800E688B1 /* Resources */,
			);
			buildRules = (
			);
			dependencies = (
			);
			name = Instagram;
			packageProductDependencies = (
				FEDA1B6E2B53169100E688B1 /* FirebaseAnalytics */,
				FEDA1B702B53169100E688B1 /* FirebaseAnalyticsOnDeviceConversion */,
				FEDA1B722B53169100E688B1 /* FirebaseAnalyticsSwift */,
				FEDA1B742B53169100E688B1 /* FirebaseAnalyticsWithoutAdIdSupport */,
				FEDA1B762B53169100E688B1 /* FirebaseAppCheck */,
				FEDA1B782B53169100E688B1 /* FirebaseAppDistribution-Beta */,
				FEDA1B7A2B53169100E688B1 /* FirebaseAuth */,
				FEDA1B7C2B53169100E688B1 /* FirebaseAuthCombine-Community */,
				FEDA1B7E2B53169100E688B1 /* FirebaseCrashlytics */,
				FEDA1B802B53169100E688B1 /* FirebaseDatabase */,
				FEDA1B822B53169100E688B1 /* FirebaseDatabaseSwift */,
				FEDA1B842B53169100E688B1 /* FirebaseDynamicLinks */,
				FEDA1B862B53169100E688B1 /* FirebaseFirestore */,
				FEDA1B882B53169100E688B1 /* FirebaseFirestoreCombine-Community */,
				FEDA1B8A2B53169100E688B1 /* FirebaseFirestoreSwift */,
				FEDA1B8C2B53169100E688B1 /* FirebaseFunctions */,
				FEDA1B8E2B53169100E688B1 /* FirebaseFunctionsCombine-Community */,
				FEDA1B902B53169100E688B1 /* FirebaseInAppMessaging-Beta */,
				FEDA1B922B53169100E688B1 /* FirebaseInAppMessagingSwift-Beta */,
				FEDA1B942B53169100E688B1 /* FirebaseInstallations */,
				FEDA1B962B53169100E688B1 /* FirebaseMLModelDownloader */,
				FEDA1B982B53169100E688B1 /* FirebaseMessaging */,
				FEDA1B9A2B53169100E688B1 /* FirebasePerformance */,
				FEDA1B9C2B53169100E688B1 /* FirebaseRemoteConfig */,
				FEDA1B9E2B53169100E688B1 /* FirebaseRemoteConfigSwift */,
				FEDA1BA02B53169100E688B1 /* FirebaseStorage */,
				FEDA1BA22B53169100E688B1 /* FirebaseStorageCombine-Community */,
				FE8DE41E2B57005A00DA5FE5 /* FirebaseAnalytics */,
				FE8DE4202B57005A00DA5FE5 /* FirebaseAnalyticsOnDeviceConversion */,
				FE8DE4222B57005A00DA5FE5 /* FirebaseAnalyticsSwift */,
				FE8DE4242B57005A00DA5FE5 /* FirebaseAnalyticsWithoutAdIdSupport */,
				FE8DE4262B57005A00DA5FE5 /* FirebaseAppCheck */,
				FE8DE4292B57066700DA5FE5 /* Kingfisher */,
			);
			productName = Instagram;
			productReference = FEDA1B262B500AB800E688B1 /* Instagram.app */;
			productType = "com.apple.product-type.application";
		};
/* End PBXNativeTarget section */

/* Begin PBXProject section */
		FEDA1B1E2B500AB800E688B1 /* Project object */ = {
			isa = PBXProject;
			attributes = {
				BuildIndependentTargetsInParallel = 1;
				LastSwiftUpdateCheck = 1520;
				LastUpgradeCheck = 1520;
				TargetAttributes = {
					FEDA1B252B500AB800E688B1 = {
						CreatedOnToolsVersion = 15.2;
					};
				};
			};
			buildConfigurationList = FEDA1B212B500AB800E688B1 /* Build configuration list for PBXProject "Instagram" */;
			compatibilityVersion = "Xcode 14.0";
			developmentRegion = en;
			hasScannedForEncodings = 0;
			knownRegions = (
				en,
				Base,
			);
			mainGroup = FEDA1B1D2B500AB800E688B1;
			packageReferences = (
				FEDA1B6D2B53169100E688B1 /* XCRemoteSwiftPackageReference "firebase-ios-sdk" */,
				FE8DE4282B57066600DA5FE5 /* XCRemoteSwiftPackageReference "Kingfisher" */,
			);
			productRefGroup = FEDA1B272B500AB800E688B1 /* Products */;
			projectDirPath = "";
			projectRoot = "";
			targets = (
				FEDA1B252B500AB800E688B1 /* Instagram */,
			);
		};
/* End PBXProject section */

/* Begin PBXResourcesBuildPhase section */
		FEDA1B242B500AB800E688B1 /* Resources */ = {
			isa = PBXResourcesBuildPhase;
			buildActionMask = 2147483647;
			files = (
				FEDA1B312B500AB900E688B1 /* Preview Assets.xcassets in Resources */,
				FEDA1B2E2B500AB900E688B1 /* Assets.xcassets in Resources */,
				FEDA1B6C2B53032300E688B1 /* GoogleService-Info.plist in Resources */,
			);
			runOnlyForDeploymentPostprocessing = 0;
		};
/* End PBXResourcesBuildPhase section */

/* Begin PBXSourcesBuildPhase section */
		FEDA1B222B500AB800E688B1 /* Sources */ = {
			isa = PBXSourcesBuildPhase;
			buildActionMask = 2147483647;
			files = (
				FEDA1B582B50980700E688B1 /* CreateUsernameView.swift in Sources */,
				FEDA1B4C2B5030BB00E688B1 /* FeedView.swift in Sources */,
				FEDA1B602B5195D800E688B1 /* CurrentUserProfileView.swift in Sources */,
				FEDA1B462B50118D00E688B1 /* ProfileView.swift in Sources */,
				FEDA1B2A2B500AB800E688B1 /* InstagramApp.swift in Sources */,
				FEBBEF432B55E09E009535ED /* EditProfileViewModel.swift in Sources */,
				FEDA1B502B5060F900E688B1 /* SearchView.swift in Sources */,
				FEBBEF392B559A87009535ED /* UserService.swift in Sources */,
				FEDA1BA72B531A2B00E688B1 /* AuthService.swift in Sources */,
				FEDA1B4A2B501A9100E688B1 /* UserStatView.swift in Sources */,
				FEDA1B5E2B517F0000E688B1 /* User.swift in Sources */,
				FEDA1B442B500E0E00E688B1 /* MainTabView.swift in Sources */,
				FEDA1B682B52D20600E688B1 /* UploadPostView.swift in Sources */,
				FEDA1B5A2B509BA700E688B1 /* PasswordView.swift in Sources */,
				FEB6C2FD2B59516300B3E095 /* FeedViewModel.swift in Sources */,
				FEDA1BAD2B53272300E688B1 /* ContentViewModel.swift in Sources */,
				FEBBEF3F2B55D18A009535ED /* EditProfileView.swift in Sources */,
				FEBBEF372B54404C009535ED /* LoginViewModel.swift in Sources */,
				FEBBEF452B56C0A5009535ED /* ImageUploader.swift in Sources */,
				FEBBEF352B541AF6009535ED /* RegistrationViewModel.swift in Sources */,
				FEDA1BA92B53267000E688B1 /* ContentView.swift in Sources */,
				FEDA1B5C2B509DC900E688B1 /* CompleteSignUpView.swift in Sources */,
				FEDA1B622B51AB5B00E688B1 /* Post.swift in Sources */,
				FEDA1B542B5084D800E688B1 /* AddEmailView.swift in Sources */,
				FEDA1B662B51BC0E00E688B1 /* ProfileHeaderView.swift in Sources */,
				FEDA1B522B506C9B00E688B1 /* LoginView.swift in Sources */,
				FEDA1B562B50955900E688B1 /* IGTextFieldModifier.swift in Sources */,
				FEDA1B4E2B5030D800E688B1 /* FeedCell.swift in Sources */,
				FE8DE42C2B5706DB00DA5FE5 /* CircularProfileImageView.swift in Sources */,
				FEBBEF3D2B55A91D009535ED /* SearchViewModel.swift in Sources */,
				FEDA1B642B51B91200E688B1 /* PostGridView.swift in Sources */,
				FEDA1B6A2B52D8DE00E688B1 /* UploadPostViewModel.swift in Sources */,
			);
			runOnlyForDeploymentPostprocessing = 0;
		};
/* End PBXSourcesBuildPhase section */

/* Begin XCBuildConfiguration section */
		FEDA1B322B500AB900E688B1 /* Debug */ = {
			isa = XCBuildConfiguration;
			buildSettings = {
				ALWAYS_SEARCH_USER_PATHS = NO;
				ASSETCATALOG_COMPILER_GENERATE_SWIFT_ASSET_SYMBOL_EXTENSIONS = YES;
				CLANG_ANALYZER_NONNULL = YES;
				CLANG_ANALYZER_NUMBER_OBJECT_CONVERSION = YES_AGGRESSIVE;
				CLANG_CXX_LANGUAGE_STANDARD = "gnu++20";
				CLANG_ENABLE_MODULES = YES;
				CLANG_ENABLE_OBJC_ARC = YES;
				CLANG_ENABLE_OBJC_WEAK = YES;
				CLANG_WARN_BLOCK_CAPTURE_AUTORELEASING = YES;
				CLANG_WARN_BOOL_CONVERSION = YES;
				CLANG_WARN_COMMA = YES;
				CLANG_WARN_CONSTANT_CONVERSION = YES;
				CLANG_WARN_DEPRECATED_OBJC_IMPLEMENTATIONS = YES;
				CLANG_WARN_DIRECT_OBJC_ISA_USAGE = YES_ERROR;
				CLANG_WARN_DOCUMENTATION_COMMENTS = YES;
				CLANG_WARN_EMPTY_BODY = YES;
				CLANG_WARN_ENUM_CONVERSION = YES;
				CLANG_WARN_INFINITE_RECURSION = YES;
				CLANG_WARN_INT_CONVERSION = YES;
				CLANG_WARN_NON_LITERAL_NULL_CONVERSION = YES;
				CLANG_WARN_OBJC_IMPLICIT_RETAIN_SELF = YES;
				CLANG_WARN_OBJC_LITERAL_CONVERSION = YES;
				CLANG_WARN_OBJC_ROOT_CLASS = YES_ERROR;
				CLANG_WARN_QUOTED_INCLUDE_IN_FRAMEWORK_HEADER = YES;
				CLANG_WARN_RANGE_LOOP_ANALYSIS = YES;
				CLANG_WARN_STRICT_PROTOTYPES = YES;
				CLANG_WARN_SUSPICIOUS_MOVE = YES;
				CLANG_WARN_UNGUARDED_AVAILABILITY = YES_AGGRESSIVE;
				CLANG_WARN_UNREACHABLE_CODE = YES;
				CLANG_WARN__DUPLICATE_METHOD_MATCH = YES;
				COPY_PHASE_STRIP = NO;
				DEBUG_INFORMATION_FORMAT = dwarf;
				ENABLE_STRICT_OBJC_MSGSEND = YES;
				ENABLE_TESTABILITY = YES;
				ENABLE_USER_SCRIPT_SANDBOXING = YES;
				GCC_C_LANGUAGE_STANDARD = gnu17;
				GCC_DYNAMIC_NO_PIC = NO;
				GCC_NO_COMMON_BLOCKS = YES;
				GCC_OPTIMIZATION_LEVEL = 0;
				GCC_PREPROCESSOR_DEFINITIONS = (
					"DEBUG=1",
					"$(inherited)",
				);
				GCC_WARN_64_TO_32_BIT_CONVERSION = YES;
				GCC_WARN_ABOUT_RETURN_TYPE = YES_ERROR;
				GCC_WARN_UNDECLARED_SELECTOR = YES;
				GCC_WARN_UNINITIALIZED_AUTOS = YES_AGGRESSIVE;
				GCC_WARN_UNUSED_FUNCTION = YES;
				GCC_WARN_UNUSED_VARIABLE = YES;
				IPHONEOS_DEPLOYMENT_TARGET = 17.2;
				LOCALIZATION_PREFERS_STRING_CATALOGS = YES;
				MTL_ENABLE_DEBUG_INFO = INCLUDE_SOURCE;
				MTL_FAST_MATH = YES;
				ONLY_ACTIVE_ARCH = YES;
				SDKROOT = iphoneos;
				SWIFT_ACTIVE_COMPILATION_CONDITIONS = "DEBUG $(inherited)";
				SWIFT_OPTIMIZATION_LEVEL = "-Onone";
			};
			name = Debug;
		};
		FEDA1B332B500AB900E688B1 /* Release */ = {
			isa = XCBuildConfiguration;
			buildSettings = {
				ALWAYS_SEARCH_USER_PATHS = NO;
				ASSETCATALOG_COMPILER_GENERATE_SWIFT_ASSET_SYMBOL_EXTENSIONS = YES;
				CLANG_ANALYZER_NONNULL = YES;
				CLANG_ANALYZER_NUMBER_OBJECT_CONVERSION = YES_AGGRESSIVE;
				CLANG_CXX_LANGUAGE_STANDARD = "gnu++20";
				CLANG_ENABLE_MODULES = YES;
				CLANG_ENABLE_OBJC_ARC = YES;
				CLANG_ENABLE_OBJC_WEAK = YES;
				CLANG_WARN_BLOCK_CAPTURE_AUTORELEASING = YES;
				CLANG_WARN_BOOL_CONVERSION = YES;
				CLANG_WARN_COMMA = YES;
				CLANG_WARN_CONSTANT_CONVERSION = YES;
				CLANG_WARN_DEPRECATED_OBJC_IMPLEMENTATIONS = YES;
				CLANG_WARN_DIRECT_OBJC_ISA_USAGE = YES_ERROR;
				CLANG_WARN_DOCUMENTATION_COMMENTS = YES;
				CLANG_WARN_EMPTY_BODY = YES;
				CLANG_WARN_ENUM_CONVERSION = YES;
				CLANG_WARN_INFINITE_RECURSION = YES;
				CLANG_WARN_INT_CONVERSION = YES;
				CLANG_WARN_NON_LITERAL_NULL_CONVERSION = YES;
				CLANG_WARN_OBJC_IMPLICIT_RETAIN_SELF = YES;
				CLANG_WARN_OBJC_LITERAL_CONVERSION = YES;
				CLANG_WARN_OBJC_ROOT_CLASS = YES_ERROR;
				CLANG_WARN_QUOTED_INCLUDE_IN_FRAMEWORK_HEADER = YES;
				CLANG_WARN_RANGE_LOOP_ANALYSIS = YES;
				CLANG_WARN_STRICT_PROTOTYPES = YES;
				CLANG_WARN_SUSPICIOUS_MOVE = YES;
				CLANG_WARN_UNGUARDED_AVAILABILITY = YES_AGGRESSIVE;
				CLANG_WARN_UNREACHABLE_CODE = YES;
				CLANG_WARN__DUPLICATE_METHOD_MATCH = YES;
				COPY_PHASE_STRIP = NO;
				DEBUG_INFORMATION_FORMAT = "dwarf-with-dsym";
				ENABLE_NS_ASSERTIONS = NO;
				ENABLE_STRICT_OBJC_MSGSEND = YES;
				ENABLE_USER_SCRIPT_SANDBOXING = YES;
				GCC_C_LANGUAGE_STANDARD = gnu17;
				GCC_NO_COMMON_BLOCKS = YES;
				GCC_WARN_64_TO_32_BIT_CONVERSION = YES;
				GCC_WARN_ABOUT_RETURN_TYPE = YES_ERROR;
				GCC_WARN_UNDECLARED_SELECTOR = YES;
				GCC_WARN_UNINITIALIZED_AUTOS = YES_AGGRESSIVE;
				GCC_WARN_UNUSED_FUNCTION = YES;
				GCC_WARN_UNUSED_VARIABLE = YES;
				IPHONEOS_DEPLOYMENT_TARGET = 17.2;
				LOCALIZATION_PREFERS_STRING_CATALOGS = YES;
				MTL_ENABLE_DEBUG_INFO = NO;
				MTL_FAST_MATH = YES;
				SDKROOT = iphoneos;
				SWIFT_COMPILATION_MODE = wholemodule;
				VALIDATE_PRODUCT = YES;
			};
			name = Release;
		};
		FEDA1B352B500AB900E688B1 /* Debug */ = {
			isa = XCBuildConfiguration;
			buildSettings = {
				ASSETCATALOG_COMPILER_APPICON_NAME = AppIcon;
				ASSETCATALOG_COMPILER_GLOBAL_ACCENT_COLOR_NAME = AccentColor;
				CODE_SIGN_STYLE = Automatic;
				CURRENT_PROJECT_VERSION = 1;
				DEVELOPMENT_ASSET_PATHS = "\"Instagram/Preview Content\"";
				DEVELOPMENT_TEAM = 4Z458N49ZH;
				ENABLE_PREVIEWS = YES;
				GENERATE_INFOPLIST_FILE = YES;
				INFOPLIST_KEY_UIApplicationSceneManifest_Generation = YES;
				INFOPLIST_KEY_UIApplicationSupportsIndirectInputEvents = YES;
				INFOPLIST_KEY_UILaunchScreen_Generation = YES;
				INFOPLIST_KEY_UISupportedInterfaceOrientations_iPad = "UIInterfaceOrientationPortrait UIInterfaceOrientationPortraitUpsideDown UIInterfaceOrientationLandscapeLeft UIInterfaceOrientationLandscapeRight";
				INFOPLIST_KEY_UISupportedInterfaceOrientations_iPhone = "UIInterfaceOrientationPortrait UIInterfaceOrientationLandscapeLeft UIInterfaceOrientationLandscapeRight";
				LD_RUNPATH_SEARCH_PATHS = (
					"$(inherited)",
					"@executable_path/Frameworks",
				);
				MARKETING_VERSION = 1.0;
				PRODUCT_BUNDLE_IDENTIFIER = com.pawelrudnik.Instagram;
				PRODUCT_NAME = "$(TARGET_NAME)";
				SWIFT_EMIT_LOC_STRINGS = YES;
				SWIFT_VERSION = 5.0;
				TARGETED_DEVICE_FAMILY = "1,2";
			};
			name = Debug;
		};
		FEDA1B362B500AB900E688B1 /* Release */ = {
			isa = XCBuildConfiguration;
			buildSettings = {
				ASSETCATALOG_COMPILER_APPICON_NAME = AppIcon;
				ASSETCATALOG_COMPILER_GLOBAL_ACCENT_COLOR_NAME = AccentColor;
				CODE_SIGN_STYLE = Automatic;
				CURRENT_PROJECT_VERSION = 1;
				DEVELOPMENT_ASSET_PATHS = "\"Instagram/Preview Content\"";
				DEVELOPMENT_TEAM = 4Z458N49ZH;
				ENABLE_PREVIEWS = YES;
				GENERATE_INFOPLIST_FILE = YES;
				INFOPLIST_KEY_UIApplicationSceneManifest_Generation = YES;
				INFOPLIST_KEY_UIApplicationSupportsIndirectInputEvents = YES;
				INFOPLIST_KEY_UILaunchScreen_Generation = YES;
				INFOPLIST_KEY_UISupportedInterfaceOrientations_iPad = "UIInterfaceOrientationPortrait UIInterfaceOrientationPortraitUpsideDown UIInterfaceOrientationLandscapeLeft UIInterfaceOrientationLandscapeRight";
				INFOPLIST_KEY_UISupportedInterfaceOrientations_iPhone = "UIInterfaceOrientationPortrait UIInterfaceOrientationLandscapeLeft UIInterfaceOrientationLandscapeRight";
				LD_RUNPATH_SEARCH_PATHS = (
					"$(inherited)",
					"@executable_path/Frameworks",
				);
				MARKETING_VERSION = 1.0;
				PRODUCT_BUNDLE_IDENTIFIER = com.pawelrudnik.Instagram;
				PRODUCT_NAME = "$(TARGET_NAME)";
				SWIFT_EMIT_LOC_STRINGS = YES;
				SWIFT_VERSION = 5.0;
				TARGETED_DEVICE_FAMILY = "1,2";
			};
			name = Release;
		};
/* End XCBuildConfiguration section */

/* Begin XCConfigurationList section */
		FEDA1B212B500AB800E688B1 /* Build configuration list for PBXProject "Instagram" */ = {
			isa = XCConfigurationList;
			buildConfigurations = (
				FEDA1B322B500AB900E688B1 /* Debug */,
				FEDA1B332B500AB900E688B1 /* Release */,
			);
			defaultConfigurationIsVisible = 0;
			defaultConfigurationName = Release;
		};
		FEDA1B342B500AB900E688B1 /* Build configuration list for PBXNativeTarget "Instagram" */ = {
			isa = XCConfigurationList;
			buildConfigurations = (
				FEDA1B352B500AB900E688B1 /* Debug */,
				FEDA1B362B500AB900E688B1 /* Release */,
			);
			defaultConfigurationIsVisible = 0;
			defaultConfigurationName = Release;
		};
/* End XCConfigurationList section */

/* Begin XCRemoteSwiftPackageReference section */
		FE8DE4282B57066600DA5FE5 /* XCRemoteSwiftPackageReference "Kingfisher" */ = {
			isa = XCRemoteSwiftPackageReference;
			repositoryURL = "https://github.com/onevcat/Kingfisher.git";
			requirement = {
				kind = upToNextMajorVersion;
				minimumVersion = 7.0.0;
			};
		};
		FEDA1B6D2B53169100E688B1 /* XCRemoteSwiftPackageReference "firebase-ios-sdk" */ = {
			isa = XCRemoteSwiftPackageReference;
			repositoryURL = "https://github.com/firebase/firebase-ios-sdk";
			requirement = {
				kind = upToNextMajorVersion;
				minimumVersion = 10.19.1;
			};
		};
/* End XCRemoteSwiftPackageReference section */

/* Begin XCSwiftPackageProductDependency section */
		FE8DE41E2B57005A00DA5FE5 /* FirebaseAnalytics */ = {
			isa = XCSwiftPackageProductDependency;
			package = FEDA1B6D2B53169100E688B1 /* XCRemoteSwiftPackageReference "firebase-ios-sdk" */;
			productName = FirebaseAnalytics;
		};
		FE8DE4202B57005A00DA5FE5 /* FirebaseAnalyticsOnDeviceConversion */ = {
			isa = XCSwiftPackageProductDependency;
			package = FEDA1B6D2B53169100E688B1 /* XCRemoteSwiftPackageReference "firebase-ios-sdk" */;
			productName = FirebaseAnalyticsOnDeviceConversion;
		};
		FE8DE4222B57005A00DA5FE5 /* FirebaseAnalyticsSwift */ = {
			isa = XCSwiftPackageProductDependency;
			package = FEDA1B6D2B53169100E688B1 /* XCRemoteSwiftPackageReference "firebase-ios-sdk" */;
			productName = FirebaseAnalyticsSwift;
		};
		FE8DE4242B57005A00DA5FE5 /* FirebaseAnalyticsWithoutAdIdSupport */ = {
			isa = XCSwiftPackageProductDependency;
			package = FEDA1B6D2B53169100E688B1 /* XCRemoteSwiftPackageReference "firebase-ios-sdk" */;
			productName = FirebaseAnalyticsWithoutAdIdSupport;
		};
		FE8DE4262B57005A00DA5FE5 /* FirebaseAppCheck */ = {
			isa = XCSwiftPackageProductDependency;
			package = FEDA1B6D2B53169100E688B1 /* XCRemoteSwiftPackageReference "firebase-ios-sdk" */;
			productName = FirebaseAppCheck;
		};
		FE8DE4292B57066700DA5FE5 /* Kingfisher */ = {
			isa = XCSwiftPackageProductDependency;
			package = FE8DE4282B57066600DA5FE5 /* XCRemoteSwiftPackageReference "Kingfisher" */;
			productName = Kingfisher;
		};
		FEDA1B6E2B53169100E688B1 /* FirebaseAnalytics */ = {
			isa = XCSwiftPackageProductDependency;
			package = FEDA1B6D2B53169100E688B1 /* XCRemoteSwiftPackageReference "firebase-ios-sdk" */;
			productName = FirebaseAnalytics;
		};
		FEDA1B702B53169100E688B1 /* FirebaseAnalyticsOnDeviceConversion */ = {
			isa = XCSwiftPackageProductDependency;
			package = FEDA1B6D2B53169100E688B1 /* XCRemoteSwiftPackageReference "firebase-ios-sdk" */;
			productName = FirebaseAnalyticsOnDeviceConversion;
		};
		FEDA1B722B53169100E688B1 /* FirebaseAnalyticsSwift */ = {
			isa = XCSwiftPackageProductDependency;
			package = FEDA1B6D2B53169100E688B1 /* XCRemoteSwiftPackageReference "firebase-ios-sdk" */;
			productName = FirebaseAnalyticsSwift;
		};
		FEDA1B742B53169100E688B1 /* FirebaseAnalyticsWithoutAdIdSupport */ = {
			isa = XCSwiftPackageProductDependency;
			package = FEDA1B6D2B53169100E688B1 /* XCRemoteSwiftPackageReference "firebase-ios-sdk" */;
			productName = FirebaseAnalyticsWithoutAdIdSupport;
		};
		FEDA1B762B53169100E688B1 /* FirebaseAppCheck */ = {
			isa = XCSwiftPackageProductDependency;
			package = FEDA1B6D2B53169100E688B1 /* XCRemoteSwiftPackageReference "firebase-ios-sdk" */;
			productName = FirebaseAppCheck;
		};
		FEDA1B782B53169100E688B1 /* FirebaseAppDistribution-Beta */ = {
			isa = XCSwiftPackageProductDependency;
			package = FEDA1B6D2B53169100E688B1 /* XCRemoteSwiftPackageReference "firebase-ios-sdk" */;
			productName = "FirebaseAppDistribution-Beta";
		};
		FEDA1B7A2B53169100E688B1 /* FirebaseAuth */ = {
			isa = XCSwiftPackageProductDependency;
			package = FEDA1B6D2B53169100E688B1 /* XCRemoteSwiftPackageReference "firebase-ios-sdk" */;
			productName = FirebaseAuth;
		};
		FEDA1B7C2B53169100E688B1 /* FirebaseAuthCombine-Community */ = {
			isa = XCSwiftPackageProductDependency;
			package = FEDA1B6D2B53169100E688B1 /* XCRemoteSwiftPackageReference "firebase-ios-sdk" */;
			productName = "FirebaseAuthCombine-Community";
		};
		FEDA1B7E2B53169100E688B1 /* FirebaseCrashlytics */ = {
			isa = XCSwiftPackageProductDependency;
			package = FEDA1B6D2B53169100E688B1 /* XCRemoteSwiftPackageReference "firebase-ios-sdk" */;
			productName = FirebaseCrashlytics;
		};
		FEDA1B802B53169100E688B1 /* FirebaseDatabase */ = {
			isa = XCSwiftPackageProductDependency;
			package = FEDA1B6D2B53169100E688B1 /* XCRemoteSwiftPackageReference "firebase-ios-sdk" */;
			productName = FirebaseDatabase;
		};
		FEDA1B822B53169100E688B1 /* FirebaseDatabaseSwift */ = {
			isa = XCSwiftPackageProductDependency;
			package = FEDA1B6D2B53169100E688B1 /* XCRemoteSwiftPackageReference "firebase-ios-sdk" */;
			productName = FirebaseDatabaseSwift;
		};
		FEDA1B842B53169100E688B1 /* FirebaseDynamicLinks */ = {
			isa = XCSwiftPackageProductDependency;
			package = FEDA1B6D2B53169100E688B1 /* XCRemoteSwiftPackageReference "firebase-ios-sdk" */;
			productName = FirebaseDynamicLinks;
		};
		FEDA1B862B53169100E688B1 /* FirebaseFirestore */ = {
			isa = XCSwiftPackageProductDependency;
			package = FEDA1B6D2B53169100E688B1 /* XCRemoteSwiftPackageReference "firebase-ios-sdk" */;
			productName = FirebaseFirestore;
		};
		FEDA1B882B53169100E688B1 /* FirebaseFirestoreCombine-Community */ = {
			isa = XCSwiftPackageProductDependency;
			package = FEDA1B6D2B53169100E688B1 /* XCRemoteSwiftPackageReference "firebase-ios-sdk" */;
			productName = "FirebaseFirestoreCombine-Community";
		};
		FEDA1B8A2B53169100E688B1 /* FirebaseFirestoreSwift */ = {
			isa = XCSwiftPackageProductDependency;
			package = FEDA1B6D2B53169100E688B1 /* XCRemoteSwiftPackageReference "firebase-ios-sdk" */;
			productName = FirebaseFirestoreSwift;
		};
		FEDA1B8C2B53169100E688B1 /* FirebaseFunctions */ = {
			isa = XCSwiftPackageProductDependency;
			package = FEDA1B6D2B53169100E688B1 /* XCRemoteSwiftPackageReference "firebase-ios-sdk" */;
			productName = FirebaseFunctions;
		};
		FEDA1B8E2B53169100E688B1 /* FirebaseFunctionsCombine-Community */ = {
			isa = XCSwiftPackageProductDependency;
			package = FEDA1B6D2B53169100E688B1 /* XCRemoteSwiftPackageReference "firebase-ios-sdk" */;
			productName = "FirebaseFunctionsCombine-Community";
		};
		FEDA1B902B53169100E688B1 /* FirebaseInAppMessaging-Beta */ = {
			isa = XCSwiftPackageProductDependency;
			package = FEDA1B6D2B53169100E688B1 /* XCRemoteSwiftPackageReference "firebase-ios-sdk" */;
			productName = "FirebaseInAppMessaging-Beta";
		};
		FEDA1B922B53169100E688B1 /* FirebaseInAppMessagingSwift-Beta */ = {
			isa = XCSwiftPackageProductDependency;
			package = FEDA1B6D2B53169100E688B1 /* XCRemoteSwiftPackageReference "firebase-ios-sdk" */;
			productName = "FirebaseInAppMessagingSwift-Beta";
		};
		FEDA1B942B53169100E688B1 /* FirebaseInstallations */ = {
			isa = XCSwiftPackageProductDependency;
			package = FEDA1B6D2B53169100E688B1 /* XCRemoteSwiftPackageReference "firebase-ios-sdk" */;
			productName = FirebaseInstallations;
		};
		FEDA1B962B53169100E688B1 /* FirebaseMLModelDownloader */ = {
			isa = XCSwiftPackageProductDependency;
			package = FEDA1B6D2B53169100E688B1 /* XCRemoteSwiftPackageReference "firebase-ios-sdk" */;
			productName = FirebaseMLModelDownloader;
		};
		FEDA1B982B53169100E688B1 /* FirebaseMessaging */ = {
			isa = XCSwiftPackageProductDependency;
			package = FEDA1B6D2B53169100E688B1 /* XCRemoteSwiftPackageReference "firebase-ios-sdk" */;
			productName = FirebaseMessaging;
		};
		FEDA1B9A2B53169100E688B1 /* FirebasePerformance */ = {
			isa = XCSwiftPackageProductDependency;
			package = FEDA1B6D2B53169100E688B1 /* XCRemoteSwiftPackageReference "firebase-ios-sdk" */;
			productName = FirebasePerformance;
		};
		FEDA1B9C2B53169100E688B1 /* FirebaseRemoteConfig */ = {
			isa = XCSwiftPackageProductDependency;
			package = FEDA1B6D2B53169100E688B1 /* XCRemoteSwiftPackageReference "firebase-ios-sdk" */;
			productName = FirebaseRemoteConfig;
		};
		FEDA1B9E2B53169100E688B1 /* FirebaseRemoteConfigSwift */ = {
			isa = XCSwiftPackageProductDependency;
			package = FEDA1B6D2B53169100E688B1 /* XCRemoteSwiftPackageReference "firebase-ios-sdk" */;
			productName = FirebaseRemoteConfigSwift;
		};
		FEDA1BA02B53169100E688B1 /* FirebaseStorage */ = {
			isa = XCSwiftPackageProductDependency;
			package = FEDA1B6D2B53169100E688B1 /* XCRemoteSwiftPackageReference "firebase-ios-sdk" */;
			productName = FirebaseStorage;
		};
		FEDA1BA22B53169100E688B1 /* FirebaseStorageCombine-Community */ = {
			isa = XCSwiftPackageProductDependency;
			package = FEDA1B6D2B53169100E688B1 /* XCRemoteSwiftPackageReference "firebase-ios-sdk" */;
			productName = "FirebaseStorageCombine-Community";
		};
/* End XCSwiftPackageProductDependency section */
	};
	rootObject = FEDA1B1E2B500AB800E688B1 /* Project object */;
}
